
Microsoft Visual Studio Solution File, Format Version 12.00
# Visual Studio Version 17
VisualStudioVersion = 17.3.32929.385
MinimumVisualStudioVersion = 10.0.40219.1
Project("{FAE04EC0-301F-11D3-BF4B-00C04F79EFBC}") = "OOPS", "OOPS.csproj", "{5AF1283A-28CB-44B8-8F4E-8FC0C64A43C3}"
EndProject
Global
	GlobalSection(SolutionConfigurationPlatforms) = preSolution
		Debug|Any CPU = Debug|Any CPU
		Release|Any CPU = Release|Any CPU
	EndGlobalSection
	GlobalSection(ProjectConfigurationPlatforms) = postSolution
		{5AF1283A-28CB-44B8-8F4E-8FC0C64A43C3}.Debug|Any CPU.ActiveCfg = Debug|Any CPU
		{5AF1283A-28CB-44B8-8F4E-8FC0C64A43C3}.Debug|Any CPU.Build.0 = Debug|Any CPU
		{5AF1283A-28CB-44B8-8F4E-8FC0C64A43C3}.Release|Any CPU.ActiveCfg = Release|Any CPU
		{5AF1283A-28CB-44B8-8F4E-8FC0C64A43C3}.Release|Any CPU.Build.0 = Release|Any CPU
	EndGlobalSection
	GlobalSection(SolutionProperties) = preSolution
		HideSolutionNode = FALSE
	EndGlobalSection
	GlobalSection(ExtensibilityGlobals) = postSolution
		SolutionGuid = {801FA3B1-68B6-4AC6-8BF7-617AF19ED6C3}
	EndGlobalSection
EndGlobal
